
Microsoft Visual Studio Solution File, Format Version 12.00
# Visual Studio 2012
Project("{8BC9CEB8-8B4A-11D0-8D11-00A0C91BC942}") = "Project26", "Project26\Project26.vcxproj", "{26276581-5FEE-43A9-A178-08A44DD13001}"
EndProject
Global
	GlobalSection(SolutionConfigurationPlatforms) = preSolution
		Debug|Win32 = Debug|Win32
		Release|Win32 = Release|Win32
	EndGlobalSection
	GlobalSection(ProjectConfigurationPlatforms) = postSolution
		{26276581-5FEE-43A9-A178-08A44DD13001}.Debug|Win32.ActiveCfg = Debug|Win32
		{26276581-5FEE-43A9-A178-08A44DD13001}.Debug|Win32.Build.0 = Debug|Win32
		{26276581-5FEE-43A9-A178-08A44DD13001}.Release|Win32.ActiveCfg = Release|Win32
		{26276581-5FEE-43A9-A178-08A44DD13001}.Release|Win32.Build.0 = Release|Win32
	EndGlobalSection
	GlobalSection(SolutionProperties) = preSolution
		HideSolutionNode = FALSE
	EndGlobalSection
EndGlobal
