
Microsoft Visual Studio Solution File, Format Version 12.00
# Visual Studio 2012
Project("{8BC9CEB8-8B4A-11D0-8D11-00A0C91BC942}") = "Project25", "Project25\Project25.vcxproj", "{ED57C26B-B4E8-41D8-8BEC-0925616CF5EA}"
EndProject
Global
	GlobalSection(SolutionConfigurationPlatforms) = preSolution
		Debug|Win32 = Debug|Win32
		Release|Win32 = Release|Win32
	EndGlobalSection
	GlobalSection(ProjectConfigurationPlatforms) = postSolution
		{ED57C26B-B4E8-41D8-8BEC-0925616CF5EA}.Debug|Win32.ActiveCfg = Debug|Win32
		{ED57C26B-B4E8-41D8-8BEC-0925616CF5EA}.Debug|Win32.Build.0 = Debug|Win32
		{ED57C26B-B4E8-41D8-8BEC-0925616CF5EA}.Release|Win32.ActiveCfg = Release|Win32
		{ED57C26B-B4E8-41D8-8BEC-0925616CF5EA}.Release|Win32.Build.0 = Release|Win32
	EndGlobalSection
	GlobalSection(SolutionProperties) = preSolution
		HideSolutionNode = FALSE
	EndGlobalSection
EndGlobal
