
Microsoft Visual Studio Solution File, Format Version 12.00
# Visual Studio 2012
Project("{8BC9CEB8-8B4A-11D0-8D11-00A0C91BC942}") = "Project9", "Project9\Project9.vcxproj", "{4C2EDA4E-2E02-4832-A8E9-4C4F62F899C6}"
EndProject
Global
	GlobalSection(SolutionConfigurationPlatforms) = preSolution
		Debug|Win32 = Debug|Win32
		Release|Win32 = Release|Win32
	EndGlobalSection
	GlobalSection(ProjectConfigurationPlatforms) = postSolution
		{4C2EDA4E-2E02-4832-A8E9-4C4F62F899C6}.Debug|Win32.ActiveCfg = Debug|Win32
		{4C2EDA4E-2E02-4832-A8E9-4C4F62F899C6}.Debug|Win32.Build.0 = Debug|Win32
		{4C2EDA4E-2E02-4832-A8E9-4C4F62F899C6}.Release|Win32.ActiveCfg = Release|Win32
		{4C2EDA4E-2E02-4832-A8E9-4C4F62F899C6}.Release|Win32.Build.0 = Release|Win32
	EndGlobalSection
	GlobalSection(SolutionProperties) = preSolution
		HideSolutionNode = FALSE
	EndGlobalSection
EndGlobal
